// !$*UTF8*$!
{
	archiveVersion = 1;
	classes = {
	};
	objectVersion = 51;
	objects = {

/* Begin PBXBuildFile section */
		3511E50B240E1B3800FAA1FA /* RealmSwiftTutorialTests.swift in Sources */ = {isa = PBXBuildFile; fileRef = 3511E50A240E1B3800FAA1FA /* RealmSwiftTutorialTests.swift */; };
		35BDEC02240CC3D700B6B29E /* AppDelegate.swift in Sources */ = {isa = PBXBuildFile; fileRef = 35BDEC01240CC3D700B6B29E /* AppDelegate.swift */; };
		35BDEC09240CC3D700B6B29E /* Main.storyboard in Resources */ = {isa = PBXBuildFile; fileRef = 35BDEC07240CC3D700B6B29E /* Main.storyboard */; };
		35BDEC0B240CC3D800B6B29E /* Assets.xcassets in Resources */ = {isa = PBXBuildFile; fileRef = 35BDEC0A240CC3D800B6B29E /* Assets.xcassets */; };
		35BDEC0E240CC3D800B6B29E /* LaunchScreen.storyboard in Resources */ = {isa = PBXBuildFile; fileRef = 35BDEC0C240CC3D800B6B29E /* LaunchScreen.storyboard */; };
		35BDEC17240CC71800B6B29E /* TaskListModel.swift in Sources */ = {isa = PBXBuildFile; fileRef = 35BDEC16240CC71800B6B29E /* TaskListModel.swift */; };
		35BDEC19240CCB2F00B6B29E /* MainTableViewController.swift in Sources */ = {isa = PBXBuildFile; fileRef = 35BDEC18240CCB2F00B6B29E /* MainTableViewController.swift */; };
		35BDEC1B240CFDC500B6B29E /* PostListModel.swift in Sources */ = {isa = PBXBuildFile; fileRef = 35BDEC1A240CFDC500B6B29E /* PostListModel.swift */; };
		35BDEC1D240D002D00B6B29E /* RealmDatabase.swift in Sources */ = {isa = PBXBuildFile; fileRef = 35BDEC1C240D002D00B6B29E /* RealmDatabase.swift */; };
		6AC3E9C6297D6CEC3A647D11 /* Pods_RealmSwiftTutorialTests.framework in Frameworks */ = {isa = PBXBuildFile; fileRef = F9404439C3CC22A3D670FF1F /* Pods_RealmSwiftTutorialTests.framework */; };
		E69DBE4FC23EF4310F1A7F22 /* Pods_RealmSwiftTutorial.framework in Frameworks */ = {isa = PBXBuildFile; fileRef = 9A07DDFE279B219420474AFE /* Pods_RealmSwiftTutorial.framework */; };
/* End PBXBuildFile section */

/* Begin PBXContainerItemProxy section */
		3511E50D240E1B3800FAA1FA /* PBXContainerItemProxy */ = {
			isa = PBXContainerItemProxy;
			containerPortal = 35BDEBF6240CC3D700B6B29E /* Project object */;
			proxyType = 1;
			remoteGlobalIDString = 35BDEBFD240CC3D700B6B29E;
			remoteInfo = RealmSwiftTutorial;
		};
/* End PBXContainerItemProxy section */

/* Begin PBXFileReference section */
		08470A144B1BE8B26E105AAF /* Pods-RealmSwiftTutorialTests.release.xcconfig */ = {isa = PBXFileReference; includeInIndex = 1; lastKnownFileType = text.xcconfig; name = "Pods-RealmSwiftTutorialTests.release.xcconfig"; path = "Target Support Files/Pods-RealmSwiftTutorialTests/Pods-RealmSwiftTutorialTests.release.xcconfig"; sourceTree = "<group>"; };
		3511E508240E1B3800FAA1FA /* RealmSwiftTutorialTests.xctest */ = {isa = PBXFileReference; explicitFileType = wrapper.cfbundle; includeInIndex = 0; path = RealmSwiftTutorialTests.xctest; sourceTree = BUILT_PRODUCTS_DIR; };
		3511E50A240E1B3800FAA1FA /* RealmSwiftTutorialTests.swift */ = {isa = PBXFileReference; lastKnownFileType = sourcecode.swift; path = RealmSwiftTutorialTests.swift; sourceTree = "<group>"; };
		3511E50C240E1B3800FAA1FA /* Info.plist */ = {isa = PBXFileReference; lastKnownFileType = text.plist.xml; path = Info.plist; sourceTree = "<group>"; };
		35BDEBFE240CC3D700B6B29E /* RealmSwiftTutorial.app */ = {isa = PBXFileReference; explicitFileType = wrapper.application; includeInIndex = 0; path = RealmSwiftTutorial.app; sourceTree = BUILT_PRODUCTS_DIR; };
		35BDEC01240CC3D700B6B29E /* AppDelegate.swift */ = {isa = PBXFileReference; lastKnownFileType = sourcecode.swift; path = AppDelegate.swift; sourceTree = "<group>"; };
		35BDEC08240CC3D700B6B29E /* Base */ = {isa = PBXFileReference; lastKnownFileType = file.storyboard; name = Base; path = Base.lproj/Main.storyboard; sourceTree = "<group>"; };
		35BDEC0A240CC3D800B6B29E /* Assets.xcassets */ = {isa = PBXFileReference; lastKnownFileType = folder.assetcatalog; path = Assets.xcassets; sourceTree = "<group>"; };
		35BDEC0D240CC3D800B6B29E /* Base */ = {isa = PBXFileReference; lastKnownFileType = file.storyboard; name = Base; path = Base.lproj/LaunchScreen.storyboard; sourceTree = "<group>"; };
		35BDEC0F240CC3D800B6B29E /* Info.plist */ = {isa = PBXFileReference; lastKnownFileType = text.plist.xml; path = Info.plist; sourceTree = "<group>"; };
		35BDEC16240CC71800B6B29E /* TaskListModel.swift */ = {isa = PBXFileReference; lastKnownFileType = sourcecode.swift; path = TaskListModel.swift; sourceTree = "<group>"; };
		35BDEC18240CCB2F00B6B29E /* MainTableViewController.swift */ = {isa = PBXFileReference; lastKnownFileType = sourcecode.swift; path = MainTableViewController.swift; sourceTree = "<group>"; };
		35BDEC1A240CFDC500B6B29E /* PostListModel.swift */ = {isa = PBXFileReference; lastKnownFileType = sourcecode.swift; path = PostListModel.swift; sourceTree = "<group>"; };
		35BDEC1C240D002D00B6B29E /* RealmDatabase.swift */ = {isa = PBXFileReference; lastKnownFileType = sourcecode.swift; path = RealmDatabase.swift; sourceTree = "<group>"; };
		9376BF39E00143EF9A5DA8EF /* Pods-RealmSwiftTutorial.debug.xcconfig */ = {isa = PBXFileReference; includeInIndex = 1; lastKnownFileType = text.xcconfig; name = "Pods-RealmSwiftTutorial.debug.xcconfig"; path = "Target Support Files/Pods-RealmSwiftTutorial/Pods-RealmSwiftTutorial.debug.xcconfig"; sourceTree = "<group>"; };
		96AF8C1EAD85A2B5844B7071 /* Pods-RealmSwiftTutorialTests.debug.xcconfig */ = {isa = PBXFileReference; includeInIndex = 1; lastKnownFileType = text.xcconfig; name = "Pods-RealmSwiftTutorialTests.debug.xcconfig"; path = "Target Support Files/Pods-RealmSwiftTutorialTests/Pods-RealmSwiftTutorialTests.debug.xcconfig"; sourceTree = "<group>"; };
		9A07DDFE279B219420474AFE /* Pods_RealmSwiftTutorial.framework */ = {isa = PBXFileReference; explicitFileType = wrapper.framework; includeInIndex = 0; path = Pods_RealmSwiftTutorial.framework; sourceTree = BUILT_PRODUCTS_DIR; };
		DA797A2C44AFA98129083DBF /* Pods-RealmSwiftTutorial.release.xcconfig */ = {isa = PBXFileReference; includeInIndex = 1; lastKnownFileType = text.xcconfig; name = "Pods-RealmSwiftTutorial.release.xcconfig"; path = "Target Support Files/Pods-RealmSwiftTutorial/Pods-RealmSwiftTutorial.release.xcconfig"; sourceTree = "<group>"; };
		F9404439C3CC22A3D670FF1F /* Pods_RealmSwiftTutorialTests.framework */ = {isa = PBXFileReference; explicitFileType = wrapper.framework; includeInIndex = 0; path = Pods_RealmSwiftTutorialTests.framework; sourceTree = BUILT_PRODUCTS_DIR; };
/* End PBXFileReference section */

/* Begin PBXFrameworksBuildPhase section */
		3511E505240E1B3800FAA1FA /* Frameworks */ = {
			isa = PBXFrameworksBuildPhase;
			buildActionMask = 2147483647;
			files = (
				6AC3E9C6297D6CEC3A647D11 /* Pods_RealmSwiftTutorialTests.framework in Frameworks */,
			);
			runOnlyForDeploymentPostprocessing = 0;
		};
		35BDEBFB240CC3D700B6B29E /* Frameworks */ = {
			isa = PBXFrameworksBuildPhase;
			buildActionMask = 2147483647;
			files = (
				E69DBE4FC23EF4310F1A7F22 /* Pods_RealmSwiftTutorial.framework in Frameworks */,
			);
			runOnlyForDeploymentPostprocessing = 0;
		};
/* End PBXFrameworksBuildPhase section */

/* Begin PBXGroup section */
		3511E509240E1B3800FAA1FA /* RealmSwiftTutorialTests */ = {
			isa = PBXGroup;
			children = (
				3511E50A240E1B3800FAA1FA /* RealmSwiftTutorialTests.swift */,
				3511E50C240E1B3800FAA1FA /* Info.plist */,
			);
			path = RealmSwiftTutorialTests;
			sourceTree = "<group>";
		};
		35BDEBF5240CC3D700B6B29E = {
			isa = PBXGroup;
			children = (
				35BDEC00240CC3D700B6B29E /* RealmSwiftTutorial */,
				3511E509240E1B3800FAA1FA /* RealmSwiftTutorialTests */,
				35BDEBFF240CC3D700B6B29E /* Products */,
				59766EDA763C802F79B36158 /* Pods */,
				A4687ACB274735B92E3D4B57 /* Frameworks */,
			);
			sourceTree = "<group>";
		};
		35BDEBFF240CC3D700B6B29E /* Products */ = {
			isa = PBXGroup;
			children = (
				35BDEBFE240CC3D700B6B29E /* RealmSwiftTutorial.app */,
				3511E508240E1B3800FAA1FA /* RealmSwiftTutorialTests.xctest */,
			);
			name = Products;
			sourceTree = "<group>";
		};
		35BDEC00240CC3D700B6B29E /* RealmSwiftTutorial */ = {
			isa = PBXGroup;
			children = (
				35BDEC1C240D002D00B6B29E /* RealmDatabase.swift */,
				35BDEC18240CCB2F00B6B29E /* MainTableViewController.swift */,
				35BDEC15240CC70200B6B29E /* Model */,
				35BDEC01240CC3D700B6B29E /* AppDelegate.swift */,
				35BDEC07240CC3D700B6B29E /* Main.storyboard */,
				35BDEC0A240CC3D800B6B29E /* Assets.xcassets */,
				35BDEC0C240CC3D800B6B29E /* LaunchScreen.storyboard */,
				35BDEC0F240CC3D800B6B29E /* Info.plist */,
			);
			path = RealmSwiftTutorial;
			sourceTree = "<group>";
		};
		35BDEC15240CC70200B6B29E /* Model */ = {
			isa = PBXGroup;
			children = (
				35BDEC16240CC71800B6B29E /* TaskListModel.swift */,
				35BDEC1A240CFDC500B6B29E /* PostListModel.swift */,
			);
			path = Model;
			sourceTree = "<group>";
		};
		59766EDA763C802F79B36158 /* Pods */ = {
			isa = PBXGroup;
			children = (
				9376BF39E00143EF9A5DA8EF /* Pods-RealmSwiftTutorial.debug.xcconfig */,
				DA797A2C44AFA98129083DBF /* Pods-RealmSwiftTutorial.release.xcconfig */,
				96AF8C1EAD85A2B5844B7071 /* Pods-RealmSwiftTutorialTests.debug.xcconfig */,
				08470A144B1BE8B26E105AAF /* Pods-RealmSwiftTutorialTests.release.xcconfig */,
			);
			path = Pods;
			sourceTree = "<group>";
		};
		A4687ACB274735B92E3D4B57 /* Frameworks */ = {
			isa = PBXGroup;
			children = (
				9A07DDFE279B219420474AFE /* Pods_RealmSwiftTutorial.framework */,
				F9404439C3CC22A3D670FF1F /* Pods_RealmSwiftTutorialTests.framework */,
			);
			name = Frameworks;
			sourceTree = "<group>";
		};
/* End PBXGroup section */

/* Begin PBXNativeTarget section */
		3511E507240E1B3800FAA1FA /* RealmSwiftTutorialTests */ = {
			isa = PBXNativeTarget;
			buildConfigurationList = 3511E511240E1B3800FAA1FA /* Build configuration list for PBXNativeTarget "RealmSwiftTutorialTests" */;
			buildPhases = (
				70976C60791B36714C14E889 /* [CP] Check Pods Manifest.lock */,
				3511E504240E1B3800FAA1FA /* Sources */,
				3511E505240E1B3800FAA1FA /* Frameworks */,
				3511E506240E1B3800FAA1FA /* Resources */,
				F358B6D675BD4008B05A0263 /* [CP] Embed Pods Frameworks */,
			);
			buildRules = (
			);
			dependencies = (
				3511E50E240E1B3800FAA1FA /* PBXTargetDependency */,
			);
			name = RealmSwiftTutorialTests;
			productName = RealmSwiftTutorialTests;
			productReference = 3511E508240E1B3800FAA1FA /* RealmSwiftTutorialTests.xctest */;
			productType = "com.apple.product-type.bundle.unit-test";
		};
		35BDEBFD240CC3D700B6B29E /* RealmSwiftTutorial */ = {
			isa = PBXNativeTarget;
			buildConfigurationList = 35BDEC12240CC3D800B6B29E /* Build configuration list for PBXNativeTarget "RealmSwiftTutorial" */;
			buildPhases = (
				CDD3ABCC83900CA23B92D0D5 /* [CP] Check Pods Manifest.lock */,
				35BDEBFA240CC3D700B6B29E /* Sources */,
				35BDEBFB240CC3D700B6B29E /* Frameworks */,
				35BDEBFC240CC3D700B6B29E /* Resources */,
				C2286DAA6169184A50E64570 /* [CP] Embed Pods Frameworks */,
			);
			buildRules = (
			);
			dependencies = (
			);
			name = RealmSwiftTutorial;
			productName = RealmSwiftTutorial;
			productReference = 35BDEBFE240CC3D700B6B29E /* RealmSwiftTutorial.app */;
			productType = "com.apple.product-type.application";
		};
/* End PBXNativeTarget section */

/* Begin PBXProject section */
		35BDEBF6240CC3D700B6B29E /* Project object */ = {
			isa = PBXProject;
			attributes = {
				LastSwiftUpdateCheck = 1130;
				LastUpgradeCheck = 1130;
				ORGANIZATIONNAME = Sirichai;
				TargetAttributes = {
					3511E507240E1B3800FAA1FA = {
						CreatedOnToolsVersion = 11.3.1;
						TestTargetID = 35BDEBFD240CC3D700B6B29E;
					};
					35BDEBFD240CC3D700B6B29E = {
						CreatedOnToolsVersion = 11.3.1;
					};
				};
			};
			buildConfigurationList = 35BDEBF9240CC3D700B6B29E /* Build configuration list for PBXProject "RealmSwiftTutorial" */;
			compatibilityVersion = "Xcode 9.3";
			developmentRegion = en;
			hasScannedForEncodings = 0;
			knownRegions = (
				en,
				Base,
			);
			mainGroup = 35BDEBF5240CC3D700B6B29E;
			productRefGroup = 35BDEBFF240CC3D700B6B29E /* Products */;
			projectDirPath = "";
			projectRoot = "";
			targets = (
				35BDEBFD240CC3D700B6B29E /* RealmSwiftTutorial */,
				3511E507240E1B3800FAA1FA /* RealmSwiftTutorialTests */,
			);
		};
/* End PBXProject section */

/* Begin PBXResourcesBuildPhase section */
		3511E506240E1B3800FAA1FA /* Resources */ = {
			isa = PBXResourcesBuildPhase;
			buildActionMask = 2147483647;
			files = (
			);
			runOnlyForDeploymentPostprocessing = 0;
		};
		35BDEBFC240CC3D700B6B29E /* Resources */ = {
			isa = PBXResourcesBuildPhase;
			buildActionMask = 2147483647;
			files = (
				35BDEC0E240CC3D800B6B29E /* LaunchScreen.storyboard in Resources */,
				35BDEC0B240CC3D800B6B29E /* Assets.xcassets in Resources */,
				35BDEC09240CC3D700B6B29E /* Main.storyboard in Resources */,
			);
			runOnlyForDeploymentPostprocessing = 0;
		};
/* End PBXResourcesBuildPhase section */

/* Begin PBXShellScriptBuildPhase section */
		70976C60791B36714C14E889 /* [CP] Check Pods Manifest.lock */ = {
			isa = PBXShellScriptBuildPhase;
			buildActionMask = 2147483647;
			files = (
			);
			inputFileListPaths = (
			);
			inputPaths = (
				"${PODS_PODFILE_DIR_PATH}/Podfile.lock",
				"${PODS_ROOT}/Manifest.lock",
			);
			name = "[CP] Check Pods Manifest.lock";
			outputFileListPaths = (
			);
			outputPaths = (
				"$(DERIVED_FILE_DIR)/Pods-RealmSwiftTutorialTests-checkManifestLockResult.txt",
			);
			runOnlyForDeploymentPostprocessing = 0;
			shellPath = /bin/sh;
			shellScript = "diff \"${PODS_PODFILE_DIR_PATH}/Podfile.lock\" \"${PODS_ROOT}/Manifest.lock\" > /dev/null\nif [ $? != 0 ] ; then\n    # print error to STDERR\n    echo \"error: The sandbox is not in sync with the Podfile.lock. Run 'pod install' or update your CocoaPods installation.\" >&2\n    exit 1\nfi\n# This output is used by Xcode 'outputs' to avoid re-running this script phase.\necho \"SUCCESS\" > \"${SCRIPT_OUTPUT_FILE_0}\"\n";
			showEnvVarsInLog = 0;
		};
		C2286DAA6169184A50E64570 /* [CP] Embed Pods Frameworks */ = {
			isa = PBXShellScriptBuildPhase;
			buildActionMask = 2147483647;
			files = (
			);
			inputFileListPaths = (
				"${PODS_ROOT}/Target Support Files/Pods-RealmSwiftTutorial/Pods-RealmSwiftTutorial-frameworks-${CONFIGURATION}-input-files.xcfilelist",
			);
			name = "[CP] Embed Pods Frameworks";
			outputFileListPaths = (
				"${PODS_ROOT}/Target Support Files/Pods-RealmSwiftTutorial/Pods-RealmSwiftTutorial-frameworks-${CONFIGURATION}-output-files.xcfilelist",
			);
			runOnlyForDeploymentPostprocessing = 0;
			shellPath = /bin/sh;
			shellScript = "\"${PODS_ROOT}/Target Support Files/Pods-RealmSwiftTutorial/Pods-RealmSwiftTutorial-frameworks.sh\"\n";
			showEnvVarsInLog = 0;
		};
		CDD3ABCC83900CA23B92D0D5 /* [CP] Check Pods Manifest.lock */ = {
			isa = PBXShellScriptBuildPhase;
			buildActionMask = 2147483647;
			files = (
			);
			inputFileListPaths = (
			);
			inputPaths = (
				"${PODS_PODFILE_DIR_PATH}/Podfile.lock",
				"${PODS_ROOT}/Manifest.lock",
			);
			name = "[CP] Check Pods Manifest.lock";
			outputFileListPaths = (
			);
			outputPaths = (
				"$(DERIVED_FILE_DIR)/Pods-RealmSwiftTutorial-checkManifestLockResult.txt",
			);
			runOnlyForDeploymentPostprocessing = 0;
			shellPath = /bin/sh;
			shellScript = "diff \"${PODS_PODFILE_DIR_PATH}/Podfile.lock\" \"${PODS_ROOT}/Manifest.lock\" > /dev/null\nif [ $? != 0 ] ; then\n    # print error to STDERR\n    echo \"error: The sandbox is not in sync with the Podfile.lock. Run 'pod install' or update your CocoaPods installation.\" >&2\n    exit 1\nfi\n# This output is used by Xcode 'outputs' to avoid re-running this script phase.\necho \"SUCCESS\" > \"${SCRIPT_OUTPUT_FILE_0}\"\n";
			showEnvVarsInLog = 0;
		};
		F358B6D675BD4008B05A0263 /* [CP] Embed Pods Frameworks */ = {
			isa = PBXShellScriptBuildPhase;
			buildActionMask = 2147483647;
			files = (
			);
			inputFileListPaths = (
				"${PODS_ROOT}/Target Support Files/Pods-RealmSwiftTutorialTests/Pods-RealmSwiftTutorialTests-frameworks-${CONFIGURATION}-input-files.xcfilelist",
			);
			name = "[CP] Embed Pods Frameworks";
			outputFileListPaths = (
				"${PODS_ROOT}/Target Support Files/Pods-RealmSwiftTutorialTests/Pods-RealmSwiftTutorialTests-frameworks-${CONFIGURATION}-output-files.xcfilelist",
			);
			runOnlyForDeploymentPostprocessing = 0;
			shellPath = /bin/sh;
			shellScript = "\"${PODS_ROOT}/Target Support Files/Pods-RealmSwiftTutorialTests/Pods-RealmSwiftTutorialTests-frameworks.sh\"\n";
			showEnvVarsInLog = 0;
		};
/* End PBXShellScriptBuildPhase section */

/* Begin PBXSourcesBuildPhase section */
		3511E504240E1B3800FAA1FA /* Sources */ = {
			isa = PBXSourcesBuildPhase;
			buildActionMask = 2147483647;
			files = (
				3511E50B240E1B3800FAA1FA /* RealmSwiftTutorialTests.swift in Sources */,
			);
			runOnlyForDeploymentPostprocessing = 0;
		};
		35BDEBFA240CC3D700B6B29E /* Sources */ = {
			isa = PBXSourcesBuildPhase;
			buildActionMask = 2147483647;
			files = (
				35BDEC1D240D002D00B6B29E /* RealmDatabase.swift in Sources */,
				35BDEC17240CC71800B6B29E /* TaskListModel.swift in Sources */,
				35BDEC1B240CFDC500B6B29E /* PostListModel.swift in Sources */,
				35BDEC19240CCB2F00B6B29E /* MainTableViewController.swift in Sources */,
				35BDEC02240CC3D700B6B29E /* AppDelegate.swift in Sources */,
			);
			runOnlyForDeploymentPostprocessing = 0;
		};
/* End PBXSourcesBuildPhase section */

/* Begin PBXTargetDependency section */
		3511E50E240E1B3800FAA1FA /* PBXTargetDependency */ = {
			isa = PBXTargetDependency;
			target = 35BDEBFD240CC3D700B6B29E /* RealmSwiftTutorial */;
			targetProxy = 3511E50D240E1B3800FAA1FA /* PBXContainerItemProxy */;
		};
/* End PBXTargetDependency section */

/* Begin PBXVariantGroup section */
		35BDEC07240CC3D700B6B29E /* Main.storyboard */ = {
			isa = PBXVariantGroup;
			children = (
				35BDEC08240CC3D700B6B29E /* Base */,
			);
			name = Main.storyboard;
			sourceTree = "<group>";
		};
		35BDEC0C240CC3D800B6B29E /* LaunchScreen.storyboard */ = {
			isa = PBXVariantGroup;
			children = (
				35BDEC0D240CC3D800B6B29E /* Base */,
			);
			name = LaunchScreen.storyboard;
			sourceTree = "<group>";
		};
/* End PBXVariantGroup section */

/* Begin XCBuildConfiguration section */
		3511E50F240E1B3800FAA1FA /* Debug */ = {
			isa = XCBuildConfiguration;
			baseConfigurationReference = 96AF8C1EAD85A2B5844B7071 /* Pods-RealmSwiftTutorialTests.debug.xcconfig */;
			buildSettings = {
				BUNDLE_LOADER = "$(TEST_HOST)";
				CODE_SIGN_STYLE = Automatic;
				DEVELOPMENT_TEAM = L4D9F78GB2;
				INFOPLIST_FILE = RealmSwiftTutorialTests/Info.plist;
				IPHONEOS_DEPLOYMENT_TARGET = 11.0;
				LD_RUNPATH_SEARCH_PATHS = (
					"$(inherited)",
					"@executable_path/Frameworks",
					"@loader_path/Frameworks",
				);
				PRODUCT_BUNDLE_IDENTIFIER = Atomiz23.RealmSwiftTutorialTests;
				PRODUCT_NAME = "$(TARGET_NAME)";
				SWIFT_VERSION = 5.0;
				TARGETED_DEVICE_FAMILY = "1,2";
				TEST_HOST = "$(BUILT_PRODUCTS_DIR)/RealmSwiftTutorial.app/RealmSwiftTutorial";
			};
			name = Debug;
		};
		3511E510240E1B3800FAA1FA /* Release */ = {
			isa = XCBuildConfiguration;
			baseConfigurationReference = 08470A144B1BE8B26E105AAF /* Pods-RealmSwiftTutorialTests.release.xcconfig */;
			buildSettings = {
				BUNDLE_LOADER = "$(TEST_HOST)";
				CODE_SIGN_STYLE = Automatic;
				DEVELOPMENT_TEAM = L4D9F78GB2;
				INFOPLIST_FILE = RealmSwiftTutorialTests/Info.plist;
				IPHONEOS_DEPLOYMENT_TARGET = 11.0;
				LD_RUNPATH_SEARCH_PATHS = (
					"$(inherited)",
					"@executable_path/Frameworks",
					"@loader_path/Frameworks",
				);
				PRODUCT_BUNDLE_IDENTIFIER = Atomiz23.RealmSwiftTutorialTests;
				PRODUCT_NAME = "$(TARGET_NAME)";
				SWIFT_VERSION = 5.0;
				TARGETED_DEVICE_FAMILY = "1,2";
				TEST_HOST = "$(BUILT_PRODUCTS_DIR)/RealmSwiftTutorial.app/RealmSwiftTutorial";
			};
			name = Release;
		};
		35BDEC10240CC3D800B6B29E /* Debug */ = {
			isa = XCBuildConfiguration;
			buildSettings = {
				ALWAYS_SEARCH_USER_PATHS = NO;
				CLANG_ANALYZER_NONNULL = YES;
				CLANG_ANALYZER_NUMBER_OBJECT_CONVERSION = YES_AGGRESSIVE;
				CLANG_CXX_LANGUAGE_STANDARD = "gnu++14";
				CLANG_CXX_LIBRARY = "libc++";
				CLANG_ENABLE_MODULES = YES;
				CLANG_ENABLE_OBJC_ARC = YES;
				CLANG_ENABLE_OBJC_WEAK = YES;
				CLANG_WARN_BLOCK_CAPTURE_AUTORELEASING = YES;
				CLANG_WARN_BOOL_CONVERSION = YES;
				CLANG_WARN_COMMA = YES;
				CLANG_WARN_CONSTANT_CONVERSION = YES;
				CLANG_WARN_DEPRECATED_OBJC_IMPLEMENTATIONS = YES;
				CLANG_WARN_DIRECT_OBJC_ISA_USAGE = YES_ERROR;
				CLANG_WARN_DOCUMENTATION_COMMENTS = YES;
				CLANG_WARN_EMPTY_BODY = YES;
				CLANG_WARN_ENUM_CONVERSION = YES;
				CLANG_WARN_INFINITE_RECURSION = YES;
				CLANG_WARN_INT_CONVERSION = YES;
				CLANG_WARN_NON_LITERAL_NULL_CONVERSION = YES;
				CLANG_WARN_OBJC_IMPLICIT_RETAIN_SELF = YES;
				CLANG_WARN_OBJC_LITERAL_CONVERSION = YES;
				CLANG_WARN_OBJC_ROOT_CLASS = YES_ERROR;
				CLANG_WARN_RANGE_LOOP_ANALYSIS = YES;
				CLANG_WARN_STRICT_PROTOTYPES = YES;
				CLANG_WARN_SUSPICIOUS_MOVE = YES;
				CLANG_WARN_UNGUARDED_AVAILABILITY = YES_AGGRESSIVE;
				CLANG_WARN_UNREACHABLE_CODE = YES;
				CLANG_WARN__DUPLICATE_METHOD_MATCH = YES;
				COPY_PHASE_STRIP = NO;
				DEBUG_INFORMATION_FORMAT = dwarf;
				ENABLE_STRICT_OBJC_MSGSEND = YES;
				ENABLE_TESTABILITY = YES;
				FRAMEWORK_SEARCH_PATHS = (
					"${TARGET_BUILD_DIR}/Pods_RealmSwiftTutorial.framework",
					"${TARGET_BUILD_DIR}/Pods_RealmSwiftTutorialTests.framework",
					"${PODS_CONFIGURATION_BUILD_DIR}/Realm",
					"${PODS_CONFIGURATION_BUILD_DIR}/RealmSwift",
					"$(inherited)",
				);
				GCC_C_LANGUAGE_STANDARD = gnu11;
				GCC_DYNAMIC_NO_PIC = NO;
				GCC_NO_COMMON_BLOCKS = YES;
				GCC_OPTIMIZATION_LEVEL = 0;
				GCC_PREPROCESSOR_DEFINITIONS = (
					"DEBUG=1",
					"$(inherited)",
				);
				GCC_WARN_64_TO_32_BIT_CONVERSION = YES;
				GCC_WARN_ABOUT_RETURN_TYPE = YES_ERROR;
				GCC_WARN_UNDECLARED_SELECTOR = YES;
				GCC_WARN_UNINITIALIZED_AUTOS = YES_AGGRESSIVE;
				GCC_WARN_UNUSED_FUNCTION = YES;
				GCC_WARN_UNUSED_VARIABLE = YES;
				IPHONEOS_DEPLOYMENT_TARGET = 11.0;
				MTL_ENABLE_DEBUG_INFO = INCLUDE_SOURCE;
				MTL_FAST_MATH = YES;
				ONLY_ACTIVE_ARCH = YES;
				SDKROOT = iphoneos;
				SWIFT_ACTIVE_COMPILATION_CONDITIONS = DEBUG;
				SWIFT_OPTIMIZATION_LEVEL = "-Onone";
			};
			name = Debug;
		};
		35BDEC11240CC3D800B6B29E /* Release */ = {
			isa = XCBuildConfiguration;
			buildSettings = {
				ALWAYS_SEARCH_USER_PATHS = NO;
				CLANG_ANALYZER_NONNULL = YES;
				CLANG_ANALYZER_NUMBER_OBJECT_CONVERSION = YES_AGGRESSIVE;
				CLANG_CXX_LANGUAGE_STANDARD = "gnu++14";
				CLANG_CXX_LIBRARY = "libc++";
				CLANG_ENABLE_MODULES = YES;
				CLANG_ENABLE_OBJC_ARC = YES;
				CLANG_ENABLE_OBJC_WEAK = YES;
				CLANG_WARN_BLOCK_CAPTURE_AUTORELEASING = YES;
				CLANG_WARN_BOOL_CONVERSION = YES;
				CLANG_WARN_COMMA = YES;
				CLANG_WARN_CONSTANT_CONVERSION = YES;
				CLANG_WARN_DEPRECATED_OBJC_IMPLEMENTATIONS = YES;
				CLANG_WARN_DIRECT_OBJC_ISA_USAGE = YES_ERROR;
				CLANG_WARN_DOCUMENTATION_COMMENTS = YES;
				CLANG_WARN_EMPTY_BODY = YES;
				CLANG_WARN_ENUM_CONVERSION = YES;
				CLANG_WARN_INFINITE_RECURSION = YES;
				CLANG_WARN_INT_CONVERSION = YES;
				CLANG_WARN_NON_LITERAL_NULL_CONVERSION = YES;
				CLANG_WARN_OBJC_IMPLICIT_RETAIN_SELF = YES;
				CLANG_WARN_OBJC_LITERAL_CONVERSION = YES;
				CLANG_WARN_OBJC_ROOT_CLASS = YES_ERROR;
				CLANG_WARN_RANGE_LOOP_ANALYSIS = YES;
				CLANG_WARN_STRICT_PROTOTYPES = YES;
				CLANG_WARN_SUSPICIOUS_MOVE = YES;
				CLANG_WARN_UNGUARDED_AVAILABILITY = YES_AGGRESSIVE;
				CLANG_WARN_UNREACHABLE_CODE = YES;
				CLANG_WARN__DUPLICATE_METHOD_MATCH = YES;
				COPY_PHASE_STRIP = NO;
				DEBUG_INFORMATION_FORMAT = "dwarf-with-dsym";
				ENABLE_NS_ASSERTIONS = NO;
				ENABLE_STRICT_OBJC_MSGSEND = YES;
				FRAMEWORK_SEARCH_PATHS = (
					"${TARGET_BUILD_DIR}/Pods_RealmSwiftTutorial.framework",
					"${TARGET_BUILD_DIR}/Pods_RealmSwiftTutorialTests.framework",
					"${PODS_CONFIGURATION_BUILD_DIR}/RealmSwift",
					"${PODS_CONFIGURATION_BUILD_DIR}/Realm",
					"$(inherited)",
				);
				GCC_C_LANGUAGE_STANDARD = gnu11;
				GCC_NO_COMMON_BLOCKS = YES;
				GCC_WARN_64_TO_32_BIT_CONVERSION = YES;
				GCC_WARN_ABOUT_RETURN_TYPE = YES_ERROR;
				GCC_WARN_UNDECLARED_SELECTOR = YES;
				GCC_WARN_UNINITIALIZED_AUTOS = YES_AGGRESSIVE;
				GCC_WARN_UNUSED_FUNCTION = YES;
				GCC_WARN_UNUSED_VARIABLE = YES;
				IPHONEOS_DEPLOYMENT_TARGET = 11.0;
				MTL_ENABLE_DEBUG_INFO = NO;
				MTL_FAST_MATH = YES;
				SDKROOT = iphoneos;
				SWIFT_COMPILATION_MODE = wholemodule;
				SWIFT_OPTIMIZATION_LEVEL = "-O";
				VALIDATE_PRODUCT = YES;
			};
			name = Release;
		};
		35BDEC13240CC3D800B6B29E /* Debug */ = {
			isa = XCBuildConfiguration;
			baseConfigurationReference = 9376BF39E00143EF9A5DA8EF /* Pods-RealmSwiftTutorial.debug.xcconfig */;
			buildSettings = {
				ASSETCATALOG_COMPILER_APPICON_NAME = AppIcon;
				CODE_SIGN_STYLE = Automatic;
				DEVELOPMENT_TEAM = L4D9F78GB2;
				INFOPLIST_FILE = RealmSwiftTutorial/Info.plist;
				IPHONEOS_DEPLOYMENT_TARGET = 11.0;
				LD_RUNPATH_SEARCH_PATHS = (
					"$(inherited)",
					"@executable_path/Frameworks",
				);
				PRODUCT_BUNDLE_IDENTIFIER = Atomiz23.RealmSwiftTutorial;
				PRODUCT_NAME = "$(TARGET_NAME)";
				SWIFT_VERSION = 5.0;
				TARGETED_DEVICE_FAMILY = "1,2";
			};
			name = Debug;
		};
		35BDEC14240CC3D800B6B29E /* Release */ = {
			isa = XCBuildConfiguration;
			baseConfigurationReference = DA797A2C44AFA98129083DBF /* Pods-RealmSwiftTutorial.release.xcconfig */;
			buildSettings = {
				ASSETCATALOG_COMPILER_APPICON_NAME = AppIcon;
				CODE_SIGN_STYLE = Automatic;
				DEVELOPMENT_TEAM = L4D9F78GB2;
				INFOPLIST_FILE = RealmSwiftTutorial/Info.plist;
				IPHONEOS_DEPLOYMENT_TARGET = 11.0;
				LD_RUNPATH_SEARCH_PATHS = (
					"$(inherited)",
					"@executable_path/Frameworks",
				);
				PRODUCT_BUNDLE_IDENTIFIER = Atomiz23.RealmSwiftTutorial;
				PRODUCT_NAME = "$(TARGET_NAME)";
				SWIFT_VERSION = 5.0;
				TARGETED_DEVICE_FAMILY = "1,2";
			};
			name = Release;
		};
/* End XCBuildConfiguration section */

/* Begin XCConfigurationList section */
		3511E511240E1B3800FAA1FA /* Build configuration list for PBXNativeTarget "RealmSwiftTutorialTests" */ = {
			isa = XCConfigurationList;
			buildConfigurations = (
				3511E50F240E1B3800FAA1FA /* Debug */,
				3511E510240E1B3800FAA1FA /* Release */,
			);
			defaultConfigurationIsVisible = 0;
			defaultConfigurationName = Release;
		};
		35BDEBF9240CC3D700B6B29E /* Build configuration list for PBXProject "RealmSwiftTutorial" */ = {
			isa = XCConfigurationList;
			buildConfigurations = (
				35BDEC10240CC3D800B6B29E /* Debug */,
				35BDEC11240CC3D800B6B29E /* Release */,
			);
			defaultConfigurationIsVisible = 0;
			defaultConfigurationName = Release;
		};
		35BDEC12240CC3D800B6B29E /* Build configuration list for PBXNativeTarget "RealmSwiftTutorial" */ = {
			isa = XCConfigurationList;
			buildConfigurations = (
				35BDEC13240CC3D800B6B29E /* Debug */,
				35BDEC14240CC3D800B6B29E /* Release */,
			);
			defaultConfigurationIsVisible = 0;
			defaultConfigurationName = Release;
		};
/* End XCConfigurationList section */
	};
	rootObject = 35BDEBF6240CC3D700B6B29E /* Project object */;
}
